<?xml version="1.0" encoding="utf-8"?>
<Project ToolsVersion="4.0" xmlns="http://schemas.microsoft.com/developer/msbuild/2003">
  <ItemGroup>
    <Filter Include="Resource Files">
      <UniqueIdentifier>{67DA6AB6-F800-4c08-8B7A-83BB121AAD01}</UniqueIdentifier>
      <Extensions>rc;ico;cur;bmp;dlg;rc2;rct;bin;rgs;gif;jpg;jpeg;jpe;resx;tiff;tif;png;wav;mfcribbon-ms</Extensions>
    </Filter>
    <Filter Include="Src">
      <UniqueIdentifier>{4FC737F1-C7A5-4376-A066-2A32D752A2FF}</UniqueIdentifier>
      <Extensions>cpp;c;cc;cxx;def;odl;idl;hpj;bat;asm;asmx</Extensions>
    </Filter>
    <Filter Include="Src\Scene">
      <UniqueIdentifier>{6ccc465b-75aa-46f0-83e5-3ea9b7e57203}</UniqueIdentifier>
    </Filter>
    <Filter Include="Src\Scene\Query">
      <UniqueIdentifier>{ddf4f3ca-560c-459e-9d0c-a4e0b257bd6e}</UniqueIdentifier>
    </Filter>
    <Filter Include="Src\OpenGL">
      <UniqueIdentifier>{6cf2fc86-abc6-4386-8e3a-62649f1df576}</UniqueIdentifier>
    </Filter>
    <Filter Include="Src\Factory">
      <UniqueIdentifier>{1d713eac-4b05-4539-8f81-81ec811faac6}</UniqueIdentifier>
    </Filter>
    <Filter Include="Src\Camera">
      <UniqueIdentifier>{fb8798dc-2073-45c9-909a-5a5ad3f8909f}</UniqueIdentifier>
    </Filter>
  </ItemGroup>
  <ItemGroup>
    <ClInclude Include="IRenderer.h">
      <Filter>Src</Filter>
    </ClInclude>
    <ClInclude Include="ITexture.h">
      <Filter>Src</Filter>
    </ClInclude>
    <ClInclude Include="IModel.h">
      <Filter>Src</Filter>
    </ClInclude>
    <ClInclude Include="I2dImage.h">
      <Filter>Src</Filter>
    </ClInclude>
    <ClInclude Include="IDrawable.h">
      <Filter>Src</Filter>
    </ClInclude>
    <ClInclude Include="Scene\Ilumination.h">
      <Filter>Src\Scene</Filter>
    </ClInclude>
    <ClInclude Include="Scene\RenderScene.h">
      <Filter>Src\Scene</Filter>
    </ClInclude>
    <ClInclude Include="Scene\IluminationItem.h">
      <Filter>Src\Scene</Filter>
    </ClInclude>
    <ClInclude Include="Scene\SceneItem.h">
      <Filter>Src\Scene</Filter>
    </ClInclude>
    <ClInclude Include="Scene\SceneItemShadowedSimple.h">
      <Filter>Src\Scene</Filter>
    </ClInclude>
    <ClInclude Include="Scene\SceneItemAnimatedSimple.h">
      <Filter>Src\Scene</Filter>
    </ClInclude>
    <ClInclude Include="Scene\SceneItemFactory.h">
      <Filter>Src\Scene</Filter>
    </ClInclude>
    <ClInclude Include="Scene\SceneItemAnimatedAndShadowed.h">
      <Filter>Src\Scene</Filter>
    </ClInclude>
    <ClInclude Include="Scene\SceneItemSimple.h">
      <Filter>Src\Scene</Filter>
    </ClInclude>
    <ClInclude Include="Scene\SceneItemSkyBox.h">
      <Filter>Src\Scene</Filter>
    </ClInclude>
    <ClInclude Include="Scene\SceneItemParticlesSystem.h">
      <Filter>Src\Scene</Filter>
    </ClInclude>
    <ClInclude Include="CParticle.h">
      <Filter>Src</Filter>
    </ClInclude>
    <ClInclude Include="Scene\Query\SceneQuery.h">
      <Filter>Src\Scene\Query</Filter>
    </ClInclude>
    <ClInclude Include="Scene\Query\SceneQueryParticles.h">
      <Filter>Src\Scene\Query</Filter>
    </ClInclude>
    <ClInclude Include="OpenGL\CCubeTextureOGL.h">
      <Filter>Src\OpenGL</Filter>
    </ClInclude>
    <ClInclude Include="OpenGL\CModelOGL.h">
      <Filter>Src\OpenGL</Filter>
    </ClInclude>
    <ClInclude Include="OpenGL\CRendererOGL.h">
      <Filter>Src\OpenGL</Filter>
    </ClInclude>
    <ClInclude Include="OpenGL\CTextureOGL.h">
      <Filter>Src\OpenGL</Filter>
    </ClInclude>
    <ClInclude Include="OpenGL\ShadowsOGL.h">
      <Filter>Src\OpenGL</Filter>
    </ClInclude>
    <ClInclude Include="Factory\ModelFactory.h">
      <Filter>Src\Factory</Filter>
    </ClInclude>
    <ClInclude Include="Factory\ModelFactoryOGL.h">
      <Filter>Src\Factory</Filter>
    </ClInclude>
    <ClInclude Include="Widget.h">
      <Filter>Src</Filter>
    </ClInclude>
    <ClInclude Include="OpenGL\Window2DOGL.h">
      <Filter>Src\OpenGL</Filter>
    </ClInclude>
    <ClInclude Include="Window2D.h">
      <Filter>Src</Filter>
    </ClInclude>
    <ClInclude Include="OpenGL\OglHelper.h">
      <Filter>Src\OpenGL</Filter>
    </ClInclude>
    <ClInclude Include="WidgetTransforms.h">
      <Filter>Src</Filter>
    </ClInclude>
    <ClInclude Include="TextRenderer.h">
      <Filter>Src</Filter>
    </ClInclude>
    <ClInclude Include="OpenGL\TextRendererOGL.h">
      <Filter>Src\OpenGL</Filter>
    </ClInclude>
    <ClInclude Include="Scene\RenderUI.h">
      <Filter>Src</Filter>
    </ClInclude>
    <ClInclude Include="Camera\CCamera.h">
      <Filter>Src\Camera</Filter>
    </ClInclude>
    <ClInclude Include="Camera\Frustum.h">
      <Filter>Src\Camera</Filter>
    </ClInclude>
  </ItemGroup>
  <ItemGroup>
    <ClCompile Include="IRenderer.cpp">
      <Filter>Src</Filter>
    </ClCompile>
    <ClCompile Include="ITexture.cpp">
      <Filter>Src</Filter>
    </ClCompile>
    <ClCompile Include="IModel.cpp">
      <Filter>Src</Filter>
    </ClCompile>
    <ClCompile Include="I2dImage.cpp">
      <Filter>Src</Filter>
    </ClCompile>
    <ClCompile Include="Scene\Ilumination.cpp">
      <Filter>Src\Scene</Filter>
    </ClCompile>
    <ClCompile Include="Scene\RenderScene.cpp">
      <Filter>Src\Scene</Filter>
    </ClCompile>
    <ClCompile Include="Scene\IluminationItem.cpp">
      <Filter>Src\Scene</Filter>
    </ClCompile>
    <ClCompile Include="Scene\SceneItem.cpp">
      <Filter>Src\Scene</Filter>
    </ClCompile>
    <ClCompile Include="Scene\SceneItemFactory.cpp">
      <Filter>Src\Scene</Filter>
    </ClCompile>
    <ClCompile Include="CParticle.cpp">
      <Filter>Src</Filter>
    </ClCompile>
    <ClCompile Include="OpenGL\CCubeTextureOGL.cpp">
      <Filter>Src\OpenGL</Filter>
    </ClCompile>
    <ClCompile Include="OpenGL\CModelOGL.cpp">
      <Filter>Src\OpenGL</Filter>
    </ClCompile>
    <ClCompile Include="OpenGL\CRendererOGL.cpp">
      <Filter>Src\OpenGL</Filter>
    </ClCompile>
    <ClCompile Include="OpenGL\CTextureOGL.cpp">
      <Filter>Src\OpenGL</Filter>
    </ClCompile>
    <ClCompile Include="OpenGL\ShadowsOGL.cpp">
      <Filter>Src\OpenGL</Filter>
    </ClCompile>
    <ClCompile Include="Factory\ModelFactoryOGL.cpp">
      <Filter>Src\Factory</Filter>
    </ClCompile>
    <ClCompile Include="Factory\ModelFactory.cpp">
      <Filter>Src\Factory</Filter>
    </ClCompile>
    <ClCompile Include="OpenGL\Window2DOGL.cpp">
      <Filter>Src\OpenGL</Filter>
    </ClCompile>
    <ClCompile Include="Window2D.cpp">
      <Filter>Src</Filter>
    </ClCompile>
    <ClCompile Include="OpenGL\TextRendererOGL.cpp">
      <Filter>Src\OpenGL</Filter>
    </ClCompile>
    <ClCompile Include="TextRenderer.cpp">
      <Filter>Src</Filter>
    </ClCompile>
    <ClCompile Include="Scene\RenderUI.cpp">
      <Filter>Src</Filter>
    </ClCompile>
    <ClCompile Include="Camera\CCamera.cpp">
      <Filter>Src\Camera</Filter>
    </ClCompile>
    <ClCompile Include="Camera\Frustum.cpp">
      <Filter>Src\Camera</Filter>
    </ClCompile>
  </ItemGroup>
  <ItemGroup>
    <None Include="packages.config" />
  </ItemGroup>
</Project>