<?xml version="1.0" encoding="utf-8"?>
<Project ToolsVersion="4.0" xmlns="http://schemas.microsoft.com/developer/msbuild/2003">
  <ItemGroup>
    <Filter Include="Src">
      <UniqueIdentifier>{4FC737F1-C7A5-4376-A066-2A32D752A2FF}</UniqueIdentifier>
      <Extensions>cpp;c;cc;cxx;def;odl;idl;hpj;bat;asm;asmx</Extensions>
    </Filter>
    <Filter Include="Assets">
      <UniqueIdentifier>{8ef4ab18-30d2-44cc-839a-3b69556b148e}</UniqueIdentifier>
    </Filter>
  </ItemGroup>
  <ItemGroup>
    <ClCompile Include="Game.cpp">
      <Filter>Src</Filter>
    </ClCompile>
  </ItemGroup>
  <ItemGroup>
    <ClInclude Include="Game.h">
      <Filter>Src</Filter>
    </ClInclude>
  </ItemGroup>
  <ItemGroup>
    <Text Include="..\Binaries\Assets\animatedModel_dnFragmentshader.txt">
      <Filter>Assets</Filter>
    </Text>
    <Text Include="..\Binaries\Assets\animatedModel_dnsFragmentshader.txt">
      <Filter>Assets</Filter>
    </Text>
    <Text Include="..\Binaries\Assets\animatedModel_dnsVertexshader.txt">
      <Filter>Assets</Filter>
    </Text>
    <Text Include="..\Binaries\Assets\animatedModel_dnVertexshader.txt">
      <Filter>Assets</Filter>
    </Text>
    <Text Include="..\Binaries\Assets\animatedModel_dsFragmentshader.txt">
      <Filter>Assets</Filter>
    </Text>
    <Text Include="..\Binaries\Assets\animatedModel_dsVertexshader.txt">
      <Filter>Assets</Filter>
    </Text>
    <Text Include="..\Binaries\Assets\animatedModelFragmentshader.txt">
      <Filter>Assets</Filter>
    </Text>
    <Text Include="..\Binaries\Assets\animatedModelVertexshader.txt">
      <Filter>Assets</Filter>
    </Text>
    <Text Include="..\Binaries\Assets\lightVertexshader.txt">
      <Filter>Assets</Filter>
    </Text>
    <Text Include="..\Binaries\Assets\particlesFragmentshader.txt">
      <Filter>Assets</Filter>
    </Text>
    <Text Include="..\Binaries\Assets\particlesVertexshader.txt">
      <Filter>Assets</Filter>
    </Text>
    <Text Include="..\Binaries\Assets\shadowsFragmentshader.txt">
      <Filter>Assets</Filter>
    </Text>
    <Text Include="..\Binaries\Assets\shadowsGeometryshader.txt">
      <Filter>Assets</Filter>
    </Text>
    <Text Include="..\Binaries\Assets\shadowsVertexshader.txt">
      <Filter>Assets</Filter>
    </Text>
    <Text Include="..\Binaries\Assets\simpleFragmentshader.txt">
      <Filter>Assets</Filter>
    </Text>
    <Text Include="..\Binaries\Assets\simpletextureFragmentshader.txt">
      <Filter>Assets</Filter>
    </Text>
    <Text Include="..\Binaries\Assets\simpletextureVertexshader.txt">
      <Filter>Assets</Filter>
    </Text>
    <Text Include="..\Binaries\Assets\simpleVertexshader.txt">
      <Filter>Assets</Filter>
    </Text>
    <Text Include="..\Binaries\Assets\skyFragmentshader.txt">
      <Filter>Assets</Filter>
    </Text>
    <Text Include="..\Binaries\Assets\skyVertexshader.txt">
      <Filter>Assets</Filter>
    </Text>
    <Text Include="..\Binaries\Assets\solidModelFragmentshader.txt">
      <Filter>Assets</Filter>
    </Text>
    <Text Include="..\Binaries\Assets\solidModelVertexshader.txt">
      <Filter>Assets</Filter>
    </Text>
    <Text Include="..\Binaries\Assets\lightFragmentshader.txt">
      <Filter>Assets</Filter>
    </Text>
    <Text Include="..\Binaries\Assets\boundingBoxFragmentshader.txt">
      <Filter>Assets</Filter>
    </Text>
    <Text Include="..\Binaries\Assets\boundingBoxVertexshader.txt">
      <Filter>Assets</Filter>
    </Text>
    <Text Include="..\Binaries\Assets\windowFragmentshader.txt">
      <Filter>Assets</Filter>
    </Text>
    <Text Include="..\Binaries\Assets\windowVertexshader.txt">
      <Filter>Assets</Filter>
    </Text>
  </ItemGroup>
</Project>