<?xml version="1.0" encoding="utf-8"?>
<Project ToolsVersion="4.0" xmlns="http://schemas.microsoft.com/developer/msbuild/2003">
  <ItemGroup>
    <Filter Include="Src">
      <UniqueIdentifier>{4FC737F1-C7A5-4376-A066-2A32D752A2FF}</UniqueIdentifier>
      <Extensions>cpp;c;cc;cxx;def;odl;idl;hpj;bat;asm;asmx</Extensions>
    </Filter>
    <Filter Include="Src\Shaders">
      <UniqueIdentifier>{9a06c703-681a-4a7d-8d12-b95902e9a482}</UniqueIdentifier>
    </Filter>
    <Filter Include="Src\ZLib">
      <UniqueIdentifier>{01eb319c-2451-481c-988e-c44df43d9136}</UniqueIdentifier>
    </Filter>
    <Filter Include="Src\Rendered">
      <UniqueIdentifier>{a23ccd03-0031-4034-9210-de6d58619c1f}</UniqueIdentifier>
    </Filter>
    <Filter Include="Src\Logger">
      <UniqueIdentifier>{abccd3cb-4b3a-4d75-9098-bed0637161d6}</UniqueIdentifier>
    </Filter>
  </ItemGroup>
  <ItemGroup>
    <ClCompile Include="Debugger.cpp">
      <Filter>Src</Filter>
    </ClCompile>
    <ClCompile Include="Shaders\glsl.cpp">
      <Filter>Src\Shaders</Filter>
    </ClCompile>
    <ClCompile Include="IClock.cpp">
      <Filter>Src</Filter>
    </ClCompile>
    <ClCompile Include="CClockOGL.cpp">
      <Filter>Src</Filter>
    </ClCompile>
    <ClCompile Include="SocketUtils.cpp">
      <Filter>Src</Filter>
    </ClCompile>
    <ClCompile Include="Rendered\Skybox.cpp">
      <Filter>Src\Rendered</Filter>
    </ClCompile>
    <ClCompile Include="Rendered\SceneItemBoundingBox.cpp">
      <Filter>Src\Rendered</Filter>
    </ClCompile>
    <ClCompile Include="Logger\ILogger.cpp">
      <Filter>Src\Logger</Filter>
    </ClCompile>
  </ItemGroup>
  <ItemGroup>
    <ClInclude Include="Debugger.h">
      <Filter>Src</Filter>
    </ClInclude>
    <ClInclude Include="Shaders\glsl.h">
      <Filter>Src\Shaders</Filter>
    </ClInclude>
    <ClInclude Include="zlib\zip.h">
      <Filter>Src\ZLib</Filter>
    </ClInclude>
    <ClInclude Include="zlib\zlib.h">
      <Filter>Src\ZLib</Filter>
    </ClInclude>
    <ClInclude Include="zlib\ioapi.h">
      <Filter>Src\ZLib</Filter>
    </ClInclude>
    <ClInclude Include="zlib\unzip.h">
      <Filter>Src\ZLib</Filter>
    </ClInclude>
    <ClInclude Include="zlib\zconf.h">
      <Filter>Src\ZLib</Filter>
    </ClInclude>
    <ClInclude Include="OGLTypes.h">
      <Filter>Src</Filter>
    </ClInclude>
    <ClInclude Include="IClock.h">
      <Filter>Src</Filter>
    </ClInclude>
    <ClInclude Include="CClockOGL.h">
      <Filter>Src</Filter>
    </ClInclude>
    <ClInclude Include="SocketUtils.h">
      <Filter>Src</Filter>
    </ClInclude>
    <ClInclude Include="Rendered\Skybox.h">
      <Filter>Src\Rendered</Filter>
    </ClInclude>
    <ClInclude Include="Rendered\SceneItemBoundingBox.h">
      <Filter>Src\Rendered</Filter>
    </ClInclude>
    <ClInclude Include="Logger\ILogger.h">
      <Filter>Src\Logger</Filter>
    </ClInclude>
  </ItemGroup>
</Project>