<?xml version="1.0" encoding="utf-8"?>
<Project ToolsVersion="4.0" xmlns="http://schemas.microsoft.com/developer/msbuild/2003">
  <ItemGroup>
    <Filter Include="Source Files">
      <UniqueIdentifier>{240bc647-9d58-4292-9df1-550793c4510d}</UniqueIdentifier>
      <Extensions>cpp;c;cxx;rc;def;r;odl;idl;hpj;bat</Extensions>
    </Filter>
    <Filter Include="Header Files">
      <UniqueIdentifier>{ee3e923f-2f75-42b9-9a92-fe89654915fe}</UniqueIdentifier>
      <Extensions>h;hpp;hxx;hm;inl</Extensions>
    </Filter>
  </ItemGroup>
  <ItemGroup>
    <ClCompile Include="IvGaussianElim.cpp">
      <Filter>Source Files</Filter>
    </ClCompile>
    <ClCompile Include="IvLine3.cpp">
      <Filter>Source Files</Filter>
    </ClCompile>
    <ClCompile Include="IvLineSegment3.cpp">
      <Filter>Source Files</Filter>
    </ClCompile>
    <ClCompile Include="IvMath.cpp">
      <Filter>Source Files</Filter>
    </ClCompile>
    <ClCompile Include="IvMatrix33.cpp">
      <Filter>Source Files</Filter>
    </ClCompile>
    <ClCompile Include="IvMatrix44.cpp">
      <Filter>Source Files</Filter>
    </ClCompile>
    <ClCompile Include="IvPlane.cpp">
      <Filter>Source Files</Filter>
    </ClCompile>
    <ClCompile Include="IvQuat.cpp">
      <Filter>Source Files</Filter>
    </ClCompile>
    <ClCompile Include="IvRay3.cpp">
      <Filter>Source Files</Filter>
    </ClCompile>
    <ClCompile Include="IvTriangle.cpp">
      <Filter>Source Files</Filter>
    </ClCompile>
    <ClCompile Include="IvVector2.cpp">
      <Filter>Source Files</Filter>
    </ClCompile>
    <ClCompile Include="IvVector3.cpp">
      <Filter>Source Files</Filter>
    </ClCompile>
    <ClCompile Include="IvVector4.cpp">
      <Filter>Source Files</Filter>
    </ClCompile>
  </ItemGroup>
  <ItemGroup>
    <ClInclude Include="IvGaussianElim.h">
      <Filter>Header Files</Filter>
    </ClInclude>
    <ClInclude Include="IvLine3.h">
      <Filter>Header Files</Filter>
    </ClInclude>
    <ClInclude Include="IvLineSegment3.h">
      <Filter>Header Files</Filter>
    </ClInclude>
    <ClInclude Include="IvMath.h">
      <Filter>Header Files</Filter>
    </ClInclude>
    <ClInclude Include="IvMatrix33.h">
      <Filter>Header Files</Filter>
    </ClInclude>
    <ClInclude Include="IvMatrix44.h">
      <Filter>Header Files</Filter>
    </ClInclude>
    <ClInclude Include="IvPlane.h">
      <Filter>Header Files</Filter>
    </ClInclude>
    <ClInclude Include="IvQuat.h">
      <Filter>Header Files</Filter>
    </ClInclude>
    <ClInclude Include="IvRay3.h">
      <Filter>Header Files</Filter>
    </ClInclude>
    <ClInclude Include="IvTriangle.h">
      <Filter>Header Files</Filter>
    </ClInclude>
    <ClInclude Include="IvVector2.h">
      <Filter>Header Files</Filter>
    </ClInclude>
    <ClInclude Include="IvVector3.h">
      <Filter>Header Files</Filter>
    </ClInclude>
    <ClInclude Include="IvVector4.h">
      <Filter>Header Files</Filter>
    </ClInclude>
  </ItemGroup>
</Project>